# Code generated by scarb DO NOT EDIT.
version = 1

[[package]]
name = "cairo_lib"
version = "0.2.0"
source = "git+https://github.com/HerodotusDev/cairo-lib.git?branch=update-cairo#bc453f981c6ce2753543474a2492ecac03c36ba4"

[[package]]
name = "herodotus_eth_starknet"
version = "0.1.0"
dependencies = [
 "cairo_lib",
 "snforge_std",
]

[[package]]
name = "snforge_std"
version = "0.23.0"
source = "git+https://github.com/foundry-rs/starknet-foundry.git?tag=v0.23.0#f2bff8f796763ada77fe6033ec1b034ceee22abd"
